// !$*UTF8*$!
{
	archiveVersion = 1;
	classes = {
	};
	objectVersion = 51;
	objects = {

/* Begin PBXBuildFile section */
		1C0914B1523BE6056BFF5201 /* Pods_SixtCars.framework in Frameworks */ = {isa = PBXBuildFile; fileRef = 72EA4E08192A7C6581241102 /* Pods_SixtCars.framework */; };
		5C41A4E72349D57A0008A102 /* CarViewModel.swift in Sources */ = {isa = PBXBuildFile; fileRef = 5C41A4E62349D57A0008A102 /* CarViewModel.swift */; };
		5C41A4E82349D57A0008A102 /* CarViewModel.swift in Sources */ = {isa = PBXBuildFile; fileRef = 5C41A4E62349D57A0008A102 /* CarViewModel.swift */; };
		5C41A4ED2349D7200008A102 /* Car.swift in Sources */ = {isa = PBXBuildFile; fileRef = 5C41A4EC2349D7200008A102 /* Car.swift */; };
		5C41A4EE2349D7200008A102 /* Car.swift in Sources */ = {isa = PBXBuildFile; fileRef = 5C41A4EC2349D7200008A102 /* Car.swift */; };
		5C41A4F02349D9A10008A102 /* NetworkManager.swift in Sources */ = {isa = PBXBuildFile; fileRef = 5C41A4EF2349D9A10008A102 /* NetworkManager.swift */; };
		5C41A4F12349D9A10008A102 /* NetworkManager.swift in Sources */ = {isa = PBXBuildFile; fileRef = 5C41A4EF2349D9A10008A102 /* NetworkManager.swift */; };
		5C41A4F32349DB7E0008A102 /* NetworkError.swift in Sources */ = {isa = PBXBuildFile; fileRef = 5C41A4F22349DB7E0008A102 /* NetworkError.swift */; };
		5C41A4F42349DB7E0008A102 /* NetworkError.swift in Sources */ = {isa = PBXBuildFile; fileRef = 5C41A4F22349DB7E0008A102 /* NetworkError.swift */; };
		5C41A5042349DDF90008A102 /* RequestProtocol.swift in Sources */ = {isa = PBXBuildFile; fileRef = 5C41A5012349DDF90008A102 /* RequestProtocol.swift */; };
		5C41A5052349DDF90008A102 /* RequestProtocol.swift in Sources */ = {isa = PBXBuildFile; fileRef = 5C41A5012349DDF90008A102 /* RequestProtocol.swift */; };
		5C41A5072349DE340008A102 /* SixtRequest.swift in Sources */ = {isa = PBXBuildFile; fileRef = 5C41A5062349DE340008A102 /* SixtRequest.swift */; };
		5C41A5082349DE340008A102 /* SixtRequest.swift in Sources */ = {isa = PBXBuildFile; fileRef = 5C41A5062349DE340008A102 /* SixtRequest.swift */; };
		5C41A50A2349E34D0008A102 /* SixtApi.swift in Sources */ = {isa = PBXBuildFile; fileRef = 5C41A5092349E34D0008A102 /* SixtApi.swift */; };
		5C41A50B2349E34D0008A102 /* SixtApi.swift in Sources */ = {isa = PBXBuildFile; fileRef = 5C41A5092349E34D0008A102 /* SixtApi.swift */; };
		5CA0FBFF2349C8D1004836D4 /* AppDelegate.swift in Sources */ = {isa = PBXBuildFile; fileRef = 5CA0FBFE2349C8D1004836D4 /* AppDelegate.swift */; };
		5CA0FC032349C8D1004836D4 /* MapViewController.swift in Sources */ = {isa = PBXBuildFile; fileRef = 5CA0FC022349C8D1004836D4 /* MapViewController.swift */; };
		5CA0FC062349C8D1004836D4 /* Main.storyboard in Resources */ = {isa = PBXBuildFile; fileRef = 5CA0FC042349C8D1004836D4 /* Main.storyboard */; };
		5CA0FC082349C8D3004836D4 /* Assets.xcassets in Resources */ = {isa = PBXBuildFile; fileRef = 5CA0FC072349C8D3004836D4 /* Assets.xcassets */; };
		5CA0FC0B2349C8D3004836D4 /* LaunchScreen.storyboard in Resources */ = {isa = PBXBuildFile; fileRef = 5CA0FC092349C8D3004836D4 /* LaunchScreen.storyboard */; };
		5CA0FC162349C8D3004836D4 /* SixtCarsTests.swift in Sources */ = {isa = PBXBuildFile; fileRef = 5CA0FC152349C8D3004836D4 /* SixtCarsTests.swift */; };
		5CA0FC212349C8D3004836D4 /* SixtCarsUITests.swift in Sources */ = {isa = PBXBuildFile; fileRef = 5CA0FC202349C8D3004836D4 /* SixtCarsUITests.swift */; };
		5CA0FC2F2349CF44004836D4 /* ListViewController.swift in Sources */ = {isa = PBXBuildFile; fileRef = 5CA0FC2E2349CF44004836D4 /* ListViewController.swift */; };
		7DD0E344CCF427920AA8F505 /* Pods_SixtCarsTests.framework in Frameworks */ = {isa = PBXBuildFile; fileRef = E183CCD173152170A591582A /* Pods_SixtCarsTests.framework */; };
		BD2263B37B32C788E3C0E3E1 /* Pods_SixtCarsUITests.framework in Frameworks */ = {isa = PBXBuildFile; fileRef = D5580399EC4313CE49CD7166 /* Pods_SixtCarsUITests.framework */; };
/* End PBXBuildFile section */

/* Begin PBXContainerItemProxy section */
		5CA0FC122349C8D3004836D4 /* PBXContainerItemProxy */ = {
			isa = PBXContainerItemProxy;
			containerPortal = 5CA0FBF32349C8D1004836D4 /* Project object */;
			proxyType = 1;
			remoteGlobalIDString = 5CA0FBFA2349C8D1004836D4;
			remoteInfo = SixtCars;
		};
		5CA0FC1D2349C8D3004836D4 /* PBXContainerItemProxy */ = {
			isa = PBXContainerItemProxy;
			containerPortal = 5CA0FBF32349C8D1004836D4 /* Project object */;
			proxyType = 1;
			remoteGlobalIDString = 5CA0FBFA2349C8D1004836D4;
			remoteInfo = SixtCars;
		};
/* End PBXContainerItemProxy section */

/* Begin PBXFileReference section */
		4B88ACBE9326446A97F343F2 /* Pods-SixtCarsUITests.release.xcconfig */ = {isa = PBXFileReference; includeInIndex = 1; lastKnownFileType = text.xcconfig; name = "Pods-SixtCarsUITests.release.xcconfig"; path = "Target Support Files/Pods-SixtCarsUITests/Pods-SixtCarsUITests.release.xcconfig"; sourceTree = "<group>"; };
		53DF85B2F968E92347776EAB /* Pods-SixtCarsUITests.debug.xcconfig */ = {isa = PBXFileReference; includeInIndex = 1; lastKnownFileType = text.xcconfig; name = "Pods-SixtCarsUITests.debug.xcconfig"; path = "Target Support Files/Pods-SixtCarsUITests/Pods-SixtCarsUITests.debug.xcconfig"; sourceTree = "<group>"; };
		5C41A4E62349D57A0008A102 /* CarViewModel.swift */ = {isa = PBXFileReference; lastKnownFileType = sourcecode.swift; path = CarViewModel.swift; sourceTree = "<group>"; };
		5C41A4EC2349D7200008A102 /* Car.swift */ = {isa = PBXFileReference; lastKnownFileType = sourcecode.swift; path = Car.swift; sourceTree = "<group>"; };
		5C41A4EF2349D9A10008A102 /* NetworkManager.swift */ = {isa = PBXFileReference; lastKnownFileType = sourcecode.swift; path = NetworkManager.swift; sourceTree = "<group>"; };
		5C41A4F22349DB7E0008A102 /* NetworkError.swift */ = {isa = PBXFileReference; lastKnownFileType = sourcecode.swift; path = NetworkError.swift; sourceTree = "<group>"; };
		5C41A5012349DDF90008A102 /* RequestProtocol.swift */ = {isa = PBXFileReference; fileEncoding = 4; lastKnownFileType = sourcecode.swift; path = RequestProtocol.swift; sourceTree = "<group>"; };
		5C41A5062349DE340008A102 /* SixtRequest.swift */ = {isa = PBXFileReference; lastKnownFileType = sourcecode.swift; path = SixtRequest.swift; sourceTree = "<group>"; };
		5C41A5092349E34D0008A102 /* SixtApi.swift */ = {isa = PBXFileReference; lastKnownFileType = sourcecode.swift; path = SixtApi.swift; sourceTree = "<group>"; };
		5CA0FBFB2349C8D1004836D4 /* SixtCars.app */ = {isa = PBXFileReference; explicitFileType = wrapper.application; includeInIndex = 0; path = SixtCars.app; sourceTree = BUILT_PRODUCTS_DIR; };
		5CA0FBFE2349C8D1004836D4 /* AppDelegate.swift */ = {isa = PBXFileReference; lastKnownFileType = sourcecode.swift; path = AppDelegate.swift; sourceTree = "<group>"; };
		5CA0FC022349C8D1004836D4 /* MapViewController.swift */ = {isa = PBXFileReference; lastKnownFileType = sourcecode.swift; path = MapViewController.swift; sourceTree = "<group>"; };
		5CA0FC052349C8D1004836D4 /* Base */ = {isa = PBXFileReference; lastKnownFileType = file.storyboard; name = Base; path = Base.lproj/Main.storyboard; sourceTree = "<group>"; };
		5CA0FC072349C8D3004836D4 /* Assets.xcassets */ = {isa = PBXFileReference; lastKnownFileType = folder.assetcatalog; path = Assets.xcassets; sourceTree = "<group>"; };
		5CA0FC0A2349C8D3004836D4 /* Base */ = {isa = PBXFileReference; lastKnownFileType = file.storyboard; name = Base; path = Base.lproj/LaunchScreen.storyboard; sourceTree = "<group>"; };
		5CA0FC0C2349C8D3004836D4 /* Info.plist */ = {isa = PBXFileReference; lastKnownFileType = text.plist.xml; path = Info.plist; sourceTree = "<group>"; };
		5CA0FC112349C8D3004836D4 /* SixtCarsTests.xctest */ = {isa = PBXFileReference; explicitFileType = wrapper.cfbundle; includeInIndex = 0; path = SixtCarsTests.xctest; sourceTree = BUILT_PRODUCTS_DIR; };
		5CA0FC152349C8D3004836D4 /* SixtCarsTests.swift */ = {isa = PBXFileReference; lastKnownFileType = sourcecode.swift; path = SixtCarsTests.swift; sourceTree = "<group>"; };
		5CA0FC172349C8D3004836D4 /* Info.plist */ = {isa = PBXFileReference; lastKnownFileType = text.plist.xml; path = Info.plist; sourceTree = "<group>"; };
		5CA0FC1C2349C8D3004836D4 /* SixtCarsUITests.xctest */ = {isa = PBXFileReference; explicitFileType = wrapper.cfbundle; includeInIndex = 0; path = SixtCarsUITests.xctest; sourceTree = BUILT_PRODUCTS_DIR; };
		5CA0FC202349C8D3004836D4 /* SixtCarsUITests.swift */ = {isa = PBXFileReference; lastKnownFileType = sourcecode.swift; path = SixtCarsUITests.swift; sourceTree = "<group>"; };
		5CA0FC222349C8D3004836D4 /* Info.plist */ = {isa = PBXFileReference; lastKnownFileType = text.plist.xml; path = Info.plist; sourceTree = "<group>"; };
		5CA0FC2E2349CF44004836D4 /* ListViewController.swift */ = {isa = PBXFileReference; fileEncoding = 4; lastKnownFileType = sourcecode.swift; path = ListViewController.swift; sourceTree = "<group>"; };
		6CCDA1104C7D97B5C0BEBB23 /* Pods-SixtCarsTests.release.xcconfig */ = {isa = PBXFileReference; includeInIndex = 1; lastKnownFileType = text.xcconfig; name = "Pods-SixtCarsTests.release.xcconfig"; path = "Target Support Files/Pods-SixtCarsTests/Pods-SixtCarsTests.release.xcconfig"; sourceTree = "<group>"; };
		72EA4E08192A7C6581241102 /* Pods_SixtCars.framework */ = {isa = PBXFileReference; explicitFileType = wrapper.framework; includeInIndex = 0; path = Pods_SixtCars.framework; sourceTree = BUILT_PRODUCTS_DIR; };
		B1063C6403EC5BCDD3116D44 /* Pods-SixtCars.debug.xcconfig */ = {isa = PBXFileReference; includeInIndex = 1; lastKnownFileType = text.xcconfig; name = "Pods-SixtCars.debug.xcconfig"; path = "Target Support Files/Pods-SixtCars/Pods-SixtCars.debug.xcconfig"; sourceTree = "<group>"; };
		C7B067C6D3DD14FFA29104D7 /* Pods-SixtCarsTests.debug.xcconfig */ = {isa = PBXFileReference; includeInIndex = 1; lastKnownFileType = text.xcconfig; name = "Pods-SixtCarsTests.debug.xcconfig"; path = "Target Support Files/Pods-SixtCarsTests/Pods-SixtCarsTests.debug.xcconfig"; sourceTree = "<group>"; };
		D5580399EC4313CE49CD7166 /* Pods_SixtCarsUITests.framework */ = {isa = PBXFileReference; explicitFileType = wrapper.framework; includeInIndex = 0; path = Pods_SixtCarsUITests.framework; sourceTree = BUILT_PRODUCTS_DIR; };
		E183CCD173152170A591582A /* Pods_SixtCarsTests.framework */ = {isa = PBXFileReference; explicitFileType = wrapper.framework; includeInIndex = 0; path = Pods_SixtCarsTests.framework; sourceTree = BUILT_PRODUCTS_DIR; };
		EE5F8F6D926E52B1AAC13574 /* Pods-SixtCars.release.xcconfig */ = {isa = PBXFileReference; includeInIndex = 1; lastKnownFileType = text.xcconfig; name = "Pods-SixtCars.release.xcconfig"; path = "Target Support Files/Pods-SixtCars/Pods-SixtCars.release.xcconfig"; sourceTree = "<group>"; };
/* End PBXFileReference section */

/* Begin PBXFrameworksBuildPhase section */
		5CA0FBF82349C8D1004836D4 /* Frameworks */ = {
			isa = PBXFrameworksBuildPhase;
			buildActionMask = 2147483647;
			files = (
				1C0914B1523BE6056BFF5201 /* Pods_SixtCars.framework in Frameworks */,
			);
			runOnlyForDeploymentPostprocessing = 0;
		};
		5CA0FC0E2349C8D3004836D4 /* Frameworks */ = {
			isa = PBXFrameworksBuildPhase;
			buildActionMask = 2147483647;
			files = (
				7DD0E344CCF427920AA8F505 /* Pods_SixtCarsTests.framework in Frameworks */,
			);
			runOnlyForDeploymentPostprocessing = 0;
		};
		5CA0FC192349C8D3004836D4 /* Frameworks */ = {
			isa = PBXFrameworksBuildPhase;
			buildActionMask = 2147483647;
			files = (
				BD2263B37B32C788E3C0E3E1 /* Pods_SixtCarsUITests.framework in Frameworks */,
			);
			runOnlyForDeploymentPostprocessing = 0;
		};
/* End PBXFrameworksBuildPhase section */

/* Begin PBXGroup section */
		3E260A1CF9E1381958466BD0 /* Pods */ = {
			isa = PBXGroup;
			children = (
				B1063C6403EC5BCDD3116D44 /* Pods-SixtCars.debug.xcconfig */,
				EE5F8F6D926E52B1AAC13574 /* Pods-SixtCars.release.xcconfig */,
				C7B067C6D3DD14FFA29104D7 /* Pods-SixtCarsTests.debug.xcconfig */,
				6CCDA1104C7D97B5C0BEBB23 /* Pods-SixtCarsTests.release.xcconfig */,
				53DF85B2F968E92347776EAB /* Pods-SixtCarsUITests.debug.xcconfig */,
				4B88ACBE9326446A97F343F2 /* Pods-SixtCarsUITests.release.xcconfig */,
			);
			path = Pods;
			sourceTree = "<group>";
		};
		5C41A4EB2349D6890008A102 /* Models */ = {
			isa = PBXGroup;
			children = (
				5C41A4EC2349D7200008A102 /* Car.swift */,
			);
			path = Models;
			sourceTree = "<group>";
		};
		5C41A4FF2349DDF90008A102 /* requests */ = {
			isa = PBXGroup;
			children = (
				5C41A5012349DDF90008A102 /* RequestProtocol.swift */,
				5C41A5062349DE340008A102 /* SixtRequest.swift */,
			);
			path = requests;
			sourceTree = "<group>";
		};
		5CA0FBF22349C8D1004836D4 = {
			isa = PBXGroup;
			children = (
				5CA0FBFD2349C8D1004836D4 /* SixtCars */,
				5CA0FC142349C8D3004836D4 /* SixtCarsTests */,
				5CA0FC1F2349C8D3004836D4 /* SixtCarsUITests */,
				5CA0FBFC2349C8D1004836D4 /* Products */,
				3E260A1CF9E1381958466BD0 /* Pods */,
				B2DC2E293A11D8B3F8E7441A /* Frameworks */,
			);
			sourceTree = "<group>";
		};
		5CA0FBFC2349C8D1004836D4 /* Products */ = {
			isa = PBXGroup;
			children = (
				5CA0FBFB2349C8D1004836D4 /* SixtCars.app */,
				5CA0FC112349C8D3004836D4 /* SixtCarsTests.xctest */,
				5CA0FC1C2349C8D3004836D4 /* SixtCarsUITests.xctest */,
			);
			name = Products;
			sourceTree = "<group>";
		};
		5CA0FBFD2349C8D1004836D4 /* SixtCars */ = {
			isa = PBXGroup;
			children = (
				5CA0FC0C2349C8D3004836D4 /* Info.plist */,
				5CA0FC302349D323004836D4 /* AppDelegate */,
				5C41A4EB2349D6890008A102 /* Models */,
				5CA0FC372349D392004836D4 /* Views */,
				5CA0FC352349D379004836D4 /* Network */,
				5CA0FC342349D36F004836D4 /* ViewModels */,
				5CA0FC312349D335004836D4 /* ViewControllers */,
				5CA0FC332349D363004836D4 /* Assets */,
			);
			path = SixtCars;
			sourceTree = "<group>";
		};
		5CA0FC142349C8D3004836D4 /* SixtCarsTests */ = {
			isa = PBXGroup;
			children = (
				5CA0FC152349C8D3004836D4 /* SixtCarsTests.swift */,
				5CA0FC172349C8D3004836D4 /* Info.plist */,
			);
			path = SixtCarsTests;
			sourceTree = "<group>";
		};
		5CA0FC1F2349C8D3004836D4 /* SixtCarsUITests */ = {
			isa = PBXGroup;
			children = (
				5CA0FC202349C8D3004836D4 /* SixtCarsUITests.swift */,
				5CA0FC222349C8D3004836D4 /* Info.plist */,
			);
			path = SixtCarsUITests;
			sourceTree = "<group>";
		};
		5CA0FC302349D323004836D4 /* AppDelegate */ = {
			isa = PBXGroup;
			children = (
				5CA0FBFE2349C8D1004836D4 /* AppDelegate.swift */,
			);
			path = AppDelegate;
			sourceTree = "<group>";
		};
		5CA0FC312349D335004836D4 /* ViewControllers */ = {
			isa = PBXGroup;
			children = (
				5CA0FC022349C8D1004836D4 /* MapViewController.swift */,
				5CA0FC2E2349CF44004836D4 /* ListViewController.swift */,
			);
			path = ViewControllers;
			sourceTree = "<group>";
		};
		5CA0FC332349D363004836D4 /* Assets */ = {
			isa = PBXGroup;
			children = (
				5CA0FC072349C8D3004836D4 /* Assets.xcassets */,
			);
			path = Assets;
			sourceTree = "<group>";
		};
		5CA0FC342349D36F004836D4 /* ViewModels */ = {
			isa = PBXGroup;
			children = (
				5C41A4E62349D57A0008A102 /* CarViewModel.swift */,
			);
			path = ViewModels;
			sourceTree = "<group>";
		};
		5CA0FC352349D379004836D4 /* Network */ = {
			isa = PBXGroup;
			children = (
				5C41A4EF2349D9A10008A102 /* NetworkManager.swift */,
				5C41A4F22349DB7E0008A102 /* NetworkError.swift */,
				5C41A4FF2349DDF90008A102 /* requests */,
				5C41A5092349E34D0008A102 /* SixtApi.swift */,
			);
			path = Network;
			sourceTree = "<group>";
		};
		5CA0FC372349D392004836D4 /* Views */ = {
			isa = PBXGroup;
			children = (
				5CA0FC042349C8D1004836D4 /* Main.storyboard */,
				5CA0FC092349C8D3004836D4 /* LaunchScreen.storyboard */,
			);
			path = Views;
			sourceTree = "<group>";
		};
		B2DC2E293A11D8B3F8E7441A /* Frameworks */ = {
			isa = PBXGroup;
			children = (
				72EA4E08192A7C6581241102 /* Pods_SixtCars.framework */,
				E183CCD173152170A591582A /* Pods_SixtCarsTests.framework */,
				D5580399EC4313CE49CD7166 /* Pods_SixtCarsUITests.framework */,
			);
			name = Frameworks;
			sourceTree = "<group>";
		};
/* End PBXGroup section */

/* Begin PBXNativeTarget section */
		5CA0FBFA2349C8D1004836D4 /* SixtCars */ = {
			isa = PBXNativeTarget;
			buildConfigurationList = 5CA0FC252349C8D3004836D4 /* Build configuration list for PBXNativeTarget "SixtCars" */;
			buildPhases = (
				BD3566C11A81A336332E67D0 /* [CP] Check Pods Manifest.lock */,
				5CA0FBF72349C8D1004836D4 /* Sources */,
				5CA0FBF82349C8D1004836D4 /* Frameworks */,
				5CA0FBF92349C8D1004836D4 /* Resources */,
				F5804C2282CC3B37653D1A96 /* [CP] Embed Pods Frameworks */,
			);
			buildRules = (
			);
			dependencies = (
			);
			name = SixtCars;
			productName = SixtCars;
			productReference = 5CA0FBFB2349C8D1004836D4 /* SixtCars.app */;
			productType = "com.apple.product-type.application";
		};
		5CA0FC102349C8D3004836D4 /* SixtCarsTests */ = {
			isa = PBXNativeTarget;
			buildConfigurationList = 5CA0FC282349C8D3004836D4 /* Build configuration list for PBXNativeTarget "SixtCarsTests" */;
			buildPhases = (
				5975E3849EE71087D2FC849B /* [CP] Check Pods Manifest.lock */,
				5CA0FC0D2349C8D3004836D4 /* Sources */,
				5CA0FC0E2349C8D3004836D4 /* Frameworks */,
				5CA0FC0F2349C8D3004836D4 /* Resources */,
			);
			buildRules = (
			);
			dependencies = (
				5CA0FC132349C8D3004836D4 /* PBXTargetDependency */,
			);
			name = SixtCarsTests;
			productName = SixtCarsTests;
			productReference = 5CA0FC112349C8D3004836D4 /* SixtCarsTests.xctest */;
			productType = "com.apple.product-type.bundle.unit-test";
		};
		5CA0FC1B2349C8D3004836D4 /* SixtCarsUITests */ = {
			isa = PBXNativeTarget;
			buildConfigurationList = 5CA0FC2B2349C8D3004836D4 /* Build configuration list for PBXNativeTarget "SixtCarsUITests" */;
			buildPhases = (
				47BACD0601157580546D4F99 /* [CP] Check Pods Manifest.lock */,
				5CA0FC182349C8D3004836D4 /* Sources */,
				5CA0FC192349C8D3004836D4 /* Frameworks */,
				5CA0FC1A2349C8D3004836D4 /* Resources */,
			);
			buildRules = (
			);
			dependencies = (
				5CA0FC1E2349C8D3004836D4 /* PBXTargetDependency */,
			);
			name = SixtCarsUITests;
			productName = SixtCarsUITests;
			productReference = 5CA0FC1C2349C8D3004836D4 /* SixtCarsUITests.xctest */;
			productType = "com.apple.product-type.bundle.ui-testing";
		};
/* End PBXNativeTarget section */

/* Begin PBXProject section */
		5CA0FBF32349C8D1004836D4 /* Project object */ = {
			isa = PBXProject;
			attributes = {
				LastSwiftUpdateCheck = 1020;
				LastUpgradeCheck = 1020;
				ORGANIZATIONNAME = "Mohamed Hassan";
				TargetAttributes = {
					5CA0FBFA2349C8D1004836D4 = {
						CreatedOnToolsVersion = 10.2.1;
					};
					5CA0FC102349C8D3004836D4 = {
						CreatedOnToolsVersion = 10.2.1;
						TestTargetID = 5CA0FBFA2349C8D1004836D4;
					};
					5CA0FC1B2349C8D3004836D4 = {
						CreatedOnToolsVersion = 10.2.1;
						TestTargetID = 5CA0FBFA2349C8D1004836D4;
					};
				};
			};
			buildConfigurationList = 5CA0FBF62349C8D1004836D4 /* Build configuration list for PBXProject "SixtCars" */;
			compatibilityVersion = "Xcode 9.3";
			developmentRegion = en;
			hasScannedForEncodings = 0;
			knownRegions = (
				en,
				Base,
			);
			mainGroup = 5CA0FBF22349C8D1004836D4;
			productRefGroup = 5CA0FBFC2349C8D1004836D4 /* Products */;
			projectDirPath = "";
			projectRoot = "";
			targets = (
				5CA0FBFA2349C8D1004836D4 /* SixtCars */,
				5CA0FC102349C8D3004836D4 /* SixtCarsTests */,
				5CA0FC1B2349C8D3004836D4 /* SixtCarsUITests */,
			);
		};
/* End PBXProject section */

/* Begin PBXResourcesBuildPhase section */
		5CA0FBF92349C8D1004836D4 /* Resources */ = {
			isa = PBXResourcesBuildPhase;
			buildActionMask = 2147483647;
			files = (
				5CA0FC0B2349C8D3004836D4 /* LaunchScreen.storyboard in Resources */,
				5CA0FC082349C8D3004836D4 /* Assets.xcassets in Resources */,
				5CA0FC062349C8D1004836D4 /* Main.storyboard in Resources */,
			);
			runOnlyForDeploymentPostprocessing = 0;
		};
		5CA0FC0F2349C8D3004836D4 /* Resources */ = {
			isa = PBXResourcesBuildPhase;
			buildActionMask = 2147483647;
			files = (
			);
			runOnlyForDeploymentPostprocessing = 0;
		};
		5CA0FC1A2349C8D3004836D4 /* Resources */ = {
			isa = PBXResourcesBuildPhase;
			buildActionMask = 2147483647;
			files = (
			);
			runOnlyForDeploymentPostprocessing = 0;
		};
/* End PBXResourcesBuildPhase section */

/* Begin PBXShellScriptBuildPhase section */
		47BACD0601157580546D4F99 /* [CP] Check Pods Manifest.lock */ = {
			isa = PBXShellScriptBuildPhase;
			buildActionMask = 2147483647;
			files = (
			);
			inputFileListPaths = (
			);
			inputPaths = (
				"${PODS_PODFILE_DIR_PATH}/Podfile.lock",
				"${PODS_ROOT}/Manifest.lock",
			);
			name = "[CP] Check Pods Manifest.lock";
			outputFileListPaths = (
			);
			outputPaths = (
				"$(DERIVED_FILE_DIR)/Pods-SixtCarsUITests-checkManifestLockResult.txt",
			);
			runOnlyForDeploymentPostprocessing = 0;
			shellPath = /bin/sh;
			shellScript = "diff \"${PODS_PODFILE_DIR_PATH}/Podfile.lock\" \"${PODS_ROOT}/Manifest.lock\" > /dev/null\nif [ $? != 0 ] ; then\n    # print error to STDERR\n    echo \"error: The sandbox is not in sync with the Podfile.lock. Run 'pod install' or update your CocoaPods installation.\" >&2\n    exit 1\nfi\n# This output is used by Xcode 'outputs' to avoid re-running this script phase.\necho \"SUCCESS\" > \"${SCRIPT_OUTPUT_FILE_0}\"\n";
			showEnvVarsInLog = 0;
		};
		5975E3849EE71087D2FC849B /* [CP] Check Pods Manifest.lock */ = {
			isa = PBXShellScriptBuildPhase;
			buildActionMask = 2147483647;
			files = (
			);
			inputFileListPaths = (
			);
			inputPaths = (
				"${PODS_PODFILE_DIR_PATH}/Podfile.lock",
				"${PODS_ROOT}/Manifest.lock",
			);
			name = "[CP] Check Pods Manifest.lock";
			outputFileListPaths = (
			);
			outputPaths = (
				"$(DERIVED_FILE_DIR)/Pods-SixtCarsTests-checkManifestLockResult.txt",
			);
			runOnlyForDeploymentPostprocessing = 0;
			shellPath = /bin/sh;
			shellScript = "diff \"${PODS_PODFILE_DIR_PATH}/Podfile.lock\" \"${PODS_ROOT}/Manifest.lock\" > /dev/null\nif [ $? != 0 ] ; then\n    # print error to STDERR\n    echo \"error: The sandbox is not in sync with the Podfile.lock. Run 'pod install' or update your CocoaPods installation.\" >&2\n    exit 1\nfi\n# This output is used by Xcode 'outputs' to avoid re-running this script phase.\necho \"SUCCESS\" > \"${SCRIPT_OUTPUT_FILE_0}\"\n";
			showEnvVarsInLog = 0;
		};
		BD3566C11A81A336332E67D0 /* [CP] Check Pods Manifest.lock */ = {
			isa = PBXShellScriptBuildPhase;
			buildActionMask = 2147483647;
			files = (
			);
			inputFileListPaths = (
			);
			inputPaths = (
				"${PODS_PODFILE_DIR_PATH}/Podfile.lock",
				"${PODS_ROOT}/Manifest.lock",
			);
			name = "[CP] Check Pods Manifest.lock";
			outputFileListPaths = (
			);
			outputPaths = (
				"$(DERIVED_FILE_DIR)/Pods-SixtCars-checkManifestLockResult.txt",
			);
			runOnlyForDeploymentPostprocessing = 0;
			shellPath = /bin/sh;
			shellScript = "diff \"${PODS_PODFILE_DIR_PATH}/Podfile.lock\" \"${PODS_ROOT}/Manifest.lock\" > /dev/null\nif [ $? != 0 ] ; then\n    # print error to STDERR\n    echo \"error: The sandbox is not in sync with the Podfile.lock. Run 'pod install' or update your CocoaPods installation.\" >&2\n    exit 1\nfi\n# This output is used by Xcode 'outputs' to avoid re-running this script phase.\necho \"SUCCESS\" > \"${SCRIPT_OUTPUT_FILE_0}\"\n";
			showEnvVarsInLog = 0;
		};
		F5804C2282CC3B37653D1A96 /* [CP] Embed Pods Frameworks */ = {
			isa = PBXShellScriptBuildPhase;
			buildActionMask = 2147483647;
			files = (
			);
			inputFileListPaths = (
				"${PODS_ROOT}/Target Support Files/Pods-SixtCars/Pods-SixtCars-frameworks-${CONFIGURATION}-input-files.xcfilelist",
			);
			name = "[CP] Embed Pods Frameworks";
			outputFileListPaths = (
				"${PODS_ROOT}/Target Support Files/Pods-SixtCars/Pods-SixtCars-frameworks-${CONFIGURATION}-output-files.xcfilelist",
			);
			runOnlyForDeploymentPostprocessing = 0;
			shellPath = /bin/sh;
			shellScript = "\"${PODS_ROOT}/Target Support Files/Pods-SixtCars/Pods-SixtCars-frameworks.sh\"\n";
			showEnvVarsInLog = 0;
		};
/* End PBXShellScriptBuildPhase section */

/* Begin PBXSourcesBuildPhase section */
		5CA0FBF72349C8D1004836D4 /* Sources */ = {
			isa = PBXSourcesBuildPhase;
			buildActionMask = 2147483647;
			files = (
				5C41A5042349DDF90008A102 /* RequestProtocol.swift in Sources */,
				5C41A4F02349D9A10008A102 /* NetworkManager.swift in Sources */,
				5C41A4F32349DB7E0008A102 /* NetworkError.swift in Sources */,
				5CA0FC2F2349CF44004836D4 /* ListViewController.swift in Sources */,
				5CA0FC032349C8D1004836D4 /* MapViewController.swift in Sources */,
				5C41A4ED2349D7200008A102 /* Car.swift in Sources */,
				5CA0FBFF2349C8D1004836D4 /* AppDelegate.swift in Sources */,
				5C41A5072349DE340008A102 /* SixtRequest.swift in Sources */,
				5C41A50A2349E34D0008A102 /* SixtApi.swift in Sources */,
				5C41A4E72349D57A0008A102 /* CarViewModel.swift in Sources */,
			);
			runOnlyForDeploymentPostprocessing = 0;
		};
		5CA0FC0D2349C8D3004836D4 /* Sources */ = {
			isa = PBXSourcesBuildPhase;
			buildActionMask = 2147483647;
			files = (
				5C41A4F12349D9A10008A102 /* NetworkManager.swift in Sources */,
				5CA0FC162349C8D3004836D4 /* SixtCarsTests.swift in Sources */,
				5C41A50B2349E34D0008A102 /* SixtApi.swift in Sources */,
				5C41A4E82349D57A0008A102 /* CarViewModel.swift in Sources */,
				5C41A4EE2349D7200008A102 /* Car.swift in Sources */,
				5C41A4F42349DB7E0008A102 /* NetworkError.swift in Sources */,
				5C41A5082349DE340008A102 /* SixtRequest.swift in Sources */,
				5C41A5052349DDF90008A102 /* RequestProtocol.swift in Sources */,
			);
			runOnlyForDeploymentPostprocessing = 0;
		};
		5CA0FC182349C8D3004836D4 /* Sources */ = {
			isa = PBXSourcesBuildPhase;
			buildActionMask = 2147483647;
			files = (
				5CA0FC212349C8D3004836D4 /* SixtCarsUITests.swift in Sources */,
			);
			runOnlyForDeploymentPostprocessing = 0;
		};
/* End PBXSourcesBuildPhase section */

/* Begin PBXTargetDependency section */
		5CA0FC132349C8D3004836D4 /* PBXTargetDependency */ = {
			isa = PBXTargetDependency;
			target = 5CA0FBFA2349C8D1004836D4 /* SixtCars */;
			targetProxy = 5CA0FC122349C8D3004836D4 /* PBXContainerItemProxy */;
		};
		5CA0FC1E2349C8D3004836D4 /* PBXTargetDependency */ = {
			isa = PBXTargetDependency;
			target = 5CA0FBFA2349C8D1004836D4 /* SixtCars */;
			targetProxy = 5CA0FC1D2349C8D3004836D4 /* PBXContainerItemProxy */;
		};
/* End PBXTargetDependency section */

/* Begin PBXVariantGroup section */
		5CA0FC042349C8D1004836D4 /* Main.storyboard */ = {
			isa = PBXVariantGroup;
			children = (
				5CA0FC052349C8D1004836D4 /* Base */,
			);
			name = Main.storyboard;
			sourceTree = "<group>";
		};
		5CA0FC092349C8D3004836D4 /* LaunchScreen.storyboard */ = {
			isa = PBXVariantGroup;
			children = (
				5CA0FC0A2349C8D3004836D4 /* Base */,
			);
			name = LaunchScreen.storyboard;
			sourceTree = "<group>";
		};
/* End PBXVariantGroup section */

/* Begin XCBuildConfiguration section */
		5CA0FC232349C8D3004836D4 /* Debug */ = {
			isa = XCBuildConfiguration;
			buildSettings = {
				ALWAYS_SEARCH_USER_PATHS = NO;
				CLANG_ANALYZER_NONNULL = YES;
				CLANG_ANALYZER_NUMBER_OBJECT_CONVERSION = YES_AGGRESSIVE;
				CLANG_CXX_LANGUAGE_STANDARD = "gnu++14";
				CLANG_CXX_LIBRARY = "libc++";
				CLANG_ENABLE_MODULES = YES;
				CLANG_ENABLE_OBJC_ARC = YES;
				CLANG_ENABLE_OBJC_WEAK = YES;
				CLANG_WARN_BLOCK_CAPTURE_AUTORELEASING = YES;
				CLANG_WARN_BOOL_CONVERSION = YES;
				CLANG_WARN_COMMA = YES;
				CLANG_WARN_CONSTANT_CONVERSION = YES;
				CLANG_WARN_DEPRECATED_OBJC_IMPLEMENTATIONS = YES;
				CLANG_WARN_DIRECT_OBJC_ISA_USAGE = YES_ERROR;
				CLANG_WARN_DOCUMENTATION_COMMENTS = YES;
				CLANG_WARN_EMPTY_BODY = YES;
				CLANG_WARN_ENUM_CONVERSION = YES;
				CLANG_WARN_INFINITE_RECURSION = YES;
				CLANG_WARN_INT_CONVERSION = YES;
				CLANG_WARN_NON_LITERAL_NULL_CONVERSION = YES;
				CLANG_WARN_OBJC_IMPLICIT_RETAIN_SELF = YES;
				CLANG_WARN_OBJC_LITERAL_CONVERSION = YES;
				CLANG_WARN_OBJC_ROOT_CLASS = YES_ERROR;
				CLANG_WARN_RANGE_LOOP_ANALYSIS = YES;
				CLANG_WARN_STRICT_PROTOTYPES = YES;
				CLANG_WARN_SUSPICIOUS_MOVE = YES;
				CLANG_WARN_UNGUARDED_AVAILABILITY = YES_AGGRESSIVE;
				CLANG_WARN_UNREACHABLE_CODE = YES;
				CLANG_WARN__DUPLICATE_METHOD_MATCH = YES;
				CODE_SIGN_IDENTITY = "iPhone Developer";
				COPY_PHASE_STRIP = NO;
				DEBUG_INFORMATION_FORMAT = dwarf;
				ENABLE_STRICT_OBJC_MSGSEND = YES;
				ENABLE_TESTABILITY = YES;
				GCC_C_LANGUAGE_STANDARD = gnu11;
				GCC_DYNAMIC_NO_PIC = NO;
				GCC_NO_COMMON_BLOCKS = YES;
				GCC_OPTIMIZATION_LEVEL = 0;
				GCC_PREPROCESSOR_DEFINITIONS = (
					"DEBUG=1",
					"$(inherited)",
				);
				GCC_WARN_64_TO_32_BIT_CONVERSION = YES;
				GCC_WARN_ABOUT_RETURN_TYPE = YES_ERROR;
				GCC_WARN_UNDECLARED_SELECTOR = YES;
				GCC_WARN_UNINITIALIZED_AUTOS = YES_AGGRESSIVE;
				GCC_WARN_UNUSED_FUNCTION = YES;
				GCC_WARN_UNUSED_VARIABLE = YES;
				IPHONEOS_DEPLOYMENT_TARGET = 12.2;
				MTL_ENABLE_DEBUG_INFO = INCLUDE_SOURCE;
				MTL_FAST_MATH = YES;
				ONLY_ACTIVE_ARCH = YES;
				SDKROOT = iphoneos;
				SWIFT_ACTIVE_COMPILATION_CONDITIONS = DEBUG;
				SWIFT_OPTIMIZATION_LEVEL = "-Onone";
			};
			name = Debug;
		};
		5CA0FC242349C8D3004836D4 /* Release */ = {
			isa = XCBuildConfiguration;
			buildSettings = {
				ALWAYS_SEARCH_USER_PATHS = NO;
				CLANG_ANALYZER_NONNULL = YES;
				CLANG_ANALYZER_NUMBER_OBJECT_CONVERSION = YES_AGGRESSIVE;
				CLANG_CXX_LANGUAGE_STANDARD = "gnu++14";
				CLANG_CXX_LIBRARY = "libc++";
				CLANG_ENABLE_MODULES = YES;
				CLANG_ENABLE_OBJC_ARC = YES;
				CLANG_ENABLE_OBJC_WEAK = YES;
				CLANG_WARN_BLOCK_CAPTURE_AUTORELEASING = YES;
				CLANG_WARN_BOOL_CONVERSION = YES;
				CLANG_WARN_COMMA = YES;
				CLANG_WARN_CONSTANT_CONVERSION = YES;
				CLANG_WARN_DEPRECATED_OBJC_IMPLEMENTATIONS = YES;
				CLANG_WARN_DIRECT_OBJC_ISA_USAGE = YES_ERROR;
				CLANG_WARN_DOCUMENTATION_COMMENTS = YES;
				CLANG_WARN_EMPTY_BODY = YES;
				CLANG_WARN_ENUM_CONVERSION = YES;
				CLANG_WARN_INFINITE_RECURSION = YES;
				CLANG_WARN_INT_CONVERSION = YES;
				CLANG_WARN_NON_LITERAL_NULL_CONVERSION = YES;
				CLANG_WARN_OBJC_IMPLICIT_RETAIN_SELF = YES;
				CLANG_WARN_OBJC_LITERAL_CONVERSION = YES;
				CLANG_WARN_OBJC_ROOT_CLASS = YES_ERROR;
				CLANG_WARN_RANGE_LOOP_ANALYSIS = YES;
				CLANG_WARN_STRICT_PROTOTYPES = YES;
				CLANG_WARN_SUSPICIOUS_MOVE = YES;
				CLANG_WARN_UNGUARDED_AVAILABILITY = YES_AGGRESSIVE;
				CLANG_WARN_UNREACHABLE_CODE = YES;
				CLANG_WARN__DUPLICATE_METHOD_MATCH = YES;
				CODE_SIGN_IDENTITY = "iPhone Developer";
				COPY_PHASE_STRIP = NO;
				DEBUG_INFORMATION_FORMAT = "dwarf-with-dsym";
				ENABLE_NS_ASSERTIONS = NO;
				ENABLE_STRICT_OBJC_MSGSEND = YES;
				GCC_C_LANGUAGE_STANDARD = gnu11;
				GCC_NO_COMMON_BLOCKS = YES;
				GCC_WARN_64_TO_32_BIT_CONVERSION = YES;
				GCC_WARN_ABOUT_RETURN_TYPE = YES_ERROR;
				GCC_WARN_UNDECLARED_SELECTOR = YES;
				GCC_WARN_UNINITIALIZED_AUTOS = YES_AGGRESSIVE;
				GCC_WARN_UNUSED_FUNCTION = YES;
				GCC_WARN_UNUSED_VARIABLE = YES;
				IPHONEOS_DEPLOYMENT_TARGET = 12.2;
				MTL_ENABLE_DEBUG_INFO = NO;
				MTL_FAST_MATH = YES;
				SDKROOT = iphoneos;
				SWIFT_COMPILATION_MODE = wholemodule;
				SWIFT_OPTIMIZATION_LEVEL = "-O";
				VALIDATE_PRODUCT = YES;
			};
			name = Release;
		};
		5CA0FC262349C8D3004836D4 /* Debug */ = {
			isa = XCBuildConfiguration;
			baseConfigurationReference = B1063C6403EC5BCDD3116D44 /* Pods-SixtCars.debug.xcconfig */;
			buildSettings = {
				ASSETCATALOG_COMPILER_APPICON_NAME = AppIcon;
				CODE_SIGN_STYLE = Automatic;
				INFOPLIST_FILE = SixtCars/Info.plist;
				LD_RUNPATH_SEARCH_PATHS = (
					"$(inherited)",
					"@executable_path/Frameworks",
				);
				PRODUCT_BUNDLE_IDENTIFIER = Sixt.Task.SixtCars;
				PRODUCT_NAME = "$(TARGET_NAME)";
				SWIFT_VERSION = 5.0;
				TARGETED_DEVICE_FAMILY = "1,2";
			};
			name = Debug;
		};
		5CA0FC272349C8D3004836D4 /* Release */ = {
			isa = XCBuildConfiguration;
			baseConfigurationReference = EE5F8F6D926E52B1AAC13574 /* Pods-SixtCars.release.xcconfig */;
			buildSettings = {
				ASSETCATALOG_COMPILER_APPICON_NAME = AppIcon;
				CODE_SIGN_STYLE = Automatic;
				INFOPLIST_FILE = SixtCars/Info.plist;
				LD_RUNPATH_SEARCH_PATHS = (
					"$(inherited)",
					"@executable_path/Frameworks",
				);
				PRODUCT_BUNDLE_IDENTIFIER = Sixt.Task.SixtCars;
				PRODUCT_NAME = "$(TARGET_NAME)";
				SWIFT_VERSION = 5.0;
				TARGETED_DEVICE_FAMILY = "1,2";
			};
			name = Release;
		};
		5CA0FC292349C8D3004836D4 /* Debug */ = {
			isa = XCBuildConfiguration;
			baseConfigurationReference = C7B067C6D3DD14FFA29104D7 /* Pods-SixtCarsTests.debug.xcconfig */;
			buildSettings = {
				ALWAYS_EMBED_SWIFT_STANDARD_LIBRARIES = YES;
				BUNDLE_LOADER = "$(TEST_HOST)";
				CODE_SIGN_STYLE = Automatic;
				INFOPLIST_FILE = SixtCarsTests/Info.plist;
				LD_RUNPATH_SEARCH_PATHS = (
					"$(inherited)",
					"@executable_path/Frameworks",
					"@loader_path/Frameworks",
				);
				PRODUCT_BUNDLE_IDENTIFIER = Sixt.Task.SixtCarsTests;
				PRODUCT_NAME = "$(TARGET_NAME)";
				SWIFT_VERSION = 5.0;
				TARGETED_DEVICE_FAMILY = "1,2";
				TEST_HOST = "$(BUILT_PRODUCTS_DIR)/SixtCars.app/SixtCars";
			};
			name = Debug;
		};
		5CA0FC2A2349C8D3004836D4 /* Release */ = {
			isa = XCBuildConfiguration;
			baseConfigurationReference = 6CCDA1104C7D97B5C0BEBB23 /* Pods-SixtCarsTests.release.xcconfig */;
			buildSettings = {
				ALWAYS_EMBED_SWIFT_STANDARD_LIBRARIES = YES;
				BUNDLE_LOADER = "$(TEST_HOST)";
				CODE_SIGN_STYLE = Automatic;
				INFOPLIST_FILE = SixtCarsTests/Info.plist;
				LD_RUNPATH_SEARCH_PATHS = (
					"$(inherited)",
					"@executable_path/Frameworks",
					"@loader_path/Frameworks",
				);
				PRODUCT_BUNDLE_IDENTIFIER = Sixt.Task.SixtCarsTests;
				PRODUCT_NAME = "$(TARGET_NAME)";
				SWIFT_VERSION = 5.0;
				TARGETED_DEVICE_FAMILY = "1,2";
				TEST_HOST = "$(BUILT_PRODUCTS_DIR)/SixtCars.app/SixtCars";
			};
			name = Release;
		};
		5CA0FC2C2349C8D3004836D4 /* Debug */ = {
			isa = XCBuildConfiguration;
			baseConfigurationReference = 53DF85B2F968E92347776EAB /* Pods-SixtCarsUITests.debug.xcconfig */;
			buildSettings = {
				ALWAYS_EMBED_SWIFT_STANDARD_LIBRARIES = YES;
				CODE_SIGN_STYLE = Automatic;
				INFOPLIST_FILE = SixtCarsUITests/Info.plist;
				LD_RUNPATH_SEARCH_PATHS = (
					"$(inherited)",
					"@executable_path/Frameworks",
					"@loader_path/Frameworks",
				);
				PRODUCT_BUNDLE_IDENTIFIER = Sixt.Task.SixtCarsUITests;
				PRODUCT_NAME = "$(TARGET_NAME)";
				SWIFT_VERSION = 5.0;
				TARGETED_DEVICE_FAMILY = "1,2";
				TEST_TARGET_NAME = SixtCars;
			};
			name = Debug;
		};
		5CA0FC2D2349C8D3004836D4 /* Release */ = {
			isa = XCBuildConfiguration;
			baseConfigurationReference = 4B88ACBE9326446A97F343F2 /* Pods-SixtCarsUITests.release.xcconfig */;
			buildSettings = {
				ALWAYS_EMBED_SWIFT_STANDARD_LIBRARIES = YES;
				CODE_SIGN_STYLE = Automatic;
				INFOPLIST_FILE = SixtCarsUITests/Info.plist;
				LD_RUNPATH_SEARCH_PATHS = (
					"$(inherited)",
					"@executable_path/Frameworks",
					"@loader_path/Frameworks",
				);
				PRODUCT_BUNDLE_IDENTIFIER = Sixt.Task.SixtCarsUITests;
				PRODUCT_NAME = "$(TARGET_NAME)";
				SWIFT_VERSION = 5.0;
				TARGETED_DEVICE_FAMILY = "1,2";
				TEST_TARGET_NAME = SixtCars;
			};
			name = Release;
		};
/* End XCBuildConfiguration section */

/* Begin XCConfigurationList section */
		5CA0FBF62349C8D1004836D4 /* Build configuration list for PBXProject "SixtCars" */ = {
			isa = XCConfigurationList;
			buildConfigurations = (
				5CA0FC232349C8D3004836D4 /* Debug */,
				5CA0FC242349C8D3004836D4 /* Release */,
			);
			defaultConfigurationIsVisible = 0;
			defaultConfigurationName = Release;
		};
		5CA0FC252349C8D3004836D4 /* Build configuration list for PBXNativeTarget "SixtCars" */ = {
			isa = XCConfigurationList;
			buildConfigurations = (
				5CA0FC262349C8D3004836D4 /* Debug */,
				5CA0FC272349C8D3004836D4 /* Release */,
			);
			defaultConfigurationIsVisible = 0;
			defaultConfigurationName = Release;
		};
		5CA0FC282349C8D3004836D4 /* Build configuration list for PBXNativeTarget "SixtCarsTests" */ = {
			isa = XCConfigurationList;
			buildConfigurations = (
				5CA0FC292349C8D3004836D4 /* Debug */,
				5CA0FC2A2349C8D3004836D4 /* Release */,
			);
			defaultConfigurationIsVisible = 0;
			defaultConfigurationName = Release;
		};
		5CA0FC2B2349C8D3004836D4 /* Build configuration list for PBXNativeTarget "SixtCarsUITests" */ = {
			isa = XCConfigurationList;
			buildConfigurations = (
				5CA0FC2C2349C8D3004836D4 /* Debug */,
				5CA0FC2D2349C8D3004836D4 /* Release */,
			);
			defaultConfigurationIsVisible = 0;
			defaultConfigurationName = Release;
		};
/* End XCConfigurationList section */
	};
	rootObject = 5CA0FBF32349C8D1004836D4 /* Project object */;
}
